
Microsoft Visual Studio Solution File, Format Version 12.00
# Visual Studio Version 16
VisualStudioVersion = 16.0.810.10
MinimumVisualStudioVersion = 10.0.40219.1
Project("{FAE04EC0-301F-11D3-BF4B-00C04F79EFBC}") = "indexer", "indexer\indexer.csproj", "{7F4ADC70-20AE-423B-9D46-FABEE2E9F5D2}"
EndProject
Project("{FAE04EC0-301F-11D3-BF4B-00C04F79EFBC}") = "ConsoleSearch", "ConsoleSearch\ConsoleSearch.csproj", "{8DF99C5C-09E2-430F-8DAD-5052DF2A9076}"
EndProject
Project("{2150E333-8FDC-42A3-9474-1A3956D46DE8}") = "Solution Items", "Solution Items", "{72D568E9-23A6-46FD-97F0-7411FC0B2C8D}"
	ProjectSection(SolutionItems) = preProject
		README.txt = README.txt
	EndProjectSection
EndProject
Project("{FAE04EC0-301F-11D3-BF4B-00C04F79EFBC}") = "Shared", "Shared\Shared.csproj", "{3551940F-5CAC-4EB7-8514-629705C73335}"
EndProject
Project("{FAE04EC0-301F-11D3-BF4B-00C04F79EFBC}") = "SearchAPI", "SearchAPI\SearchAPI.csproj", "{48EDA91F-0A42-4237-951E-39604E5D7E86}"
EndProject
Project("{FAE04EC0-301F-11D3-BF4B-00C04F79EFBC}") = "DatabaseSplitter", "DatabaseSplitter\DatabaseSplitter.csproj", "{DC05EED8-F478-46D0-8A1E-52086A8A3222}"
EndProject
Global
	GlobalSection(SolutionConfigurationPlatforms) = preSolution
		Debug|Any CPU = Debug|Any CPU
		Debug|x64 = Debug|x64
		Debug|x86 = Debug|x86
		Release|Any CPU = Release|Any CPU
		Release|x64 = Release|x64
		Release|x86 = Release|x86
	EndGlobalSection
	GlobalSection(ProjectConfigurationPlatforms) = postSolution
		{7F4ADC70-20AE-423B-9D46-FABEE2E9F5D2}.Debug|Any CPU.ActiveCfg = Debug|Any CPU
		{7F4ADC70-20AE-423B-9D46-FABEE2E9F5D2}.Debug|Any CPU.Build.0 = Debug|Any CPU
		{7F4ADC70-20AE-423B-9D46-FABEE2E9F5D2}.Debug|x64.ActiveCfg = Debug|Any CPU
		{7F4ADC70-20AE-423B-9D46-FABEE2E9F5D2}.Debug|x64.Build.0 = Debug|Any CPU
		{7F4ADC70-20AE-423B-9D46-FABEE2E9F5D2}.Debug|x86.ActiveCfg = Debug|Any CPU
		{7F4ADC70-20AE-423B-9D46-FABEE2E9F5D2}.Debug|x86.Build.0 = Debug|Any CPU
		{7F4ADC70-20AE-423B-9D46-FABEE2E9F5D2}.Release|Any CPU.ActiveCfg = Release|Any CPU
		{7F4ADC70-20AE-423B-9D46-FABEE2E9F5D2}.Release|Any CPU.Build.0 = Release|Any CPU
		{7F4ADC70-20AE-423B-9D46-FABEE2E9F5D2}.Release|x64.ActiveCfg = Release|Any CPU
		{7F4ADC70-20AE-423B-9D46-FABEE2E9F5D2}.Release|x64.Build.0 = Release|Any CPU
		{7F4ADC70-20AE-423B-9D46-FABEE2E9F5D2}.Release|x86.ActiveCfg = Release|Any CPU
		{7F4ADC70-20AE-423B-9D46-FABEE2E9F5D2}.Release|x86.Build.0 = Release|Any CPU
		{8DF99C5C-09E2-430F-8DAD-5052DF2A9076}.Debug|Any CPU.ActiveCfg = Debug|Any CPU
		{8DF99C5C-09E2-430F-8DAD-5052DF2A9076}.Debug|Any CPU.Build.0 = Debug|Any CPU
		{8DF99C5C-09E2-430F-8DAD-5052DF2A9076}.Debug|x64.ActiveCfg = Debug|Any CPU
		{8DF99C5C-09E2-430F-8DAD-5052DF2A9076}.Debug|x64.Build.0 = Debug|Any CPU
		{8DF99C5C-09E2-430F-8DAD-5052DF2A9076}.Debug|x86.ActiveCfg = Debug|Any CPU
		{8DF99C5C-09E2-430F-8DAD-5052DF2A9076}.Debug|x86.Build.0 = Debug|Any CPU
		{8DF99C5C-09E2-430F-8DAD-5052DF2A9076}.Release|Any CPU.ActiveCfg = Release|Any CPU
		{8DF99C5C-09E2-430F-8DAD-5052DF2A9076}.Release|Any CPU.Build.0 = Release|Any CPU
		{8DF99C5C-09E2-430F-8DAD-5052DF2A9076}.Release|x64.ActiveCfg = Release|Any CPU
		{8DF99C5C-09E2-430F-8DAD-5052DF2A9076}.Release|x64.Build.0 = Release|Any CPU
		{8DF99C5C-09E2-430F-8DAD-5052DF2A9076}.Release|x86.ActiveCfg = Release|Any CPU
		{8DF99C5C-09E2-430F-8DAD-5052DF2A9076}.Release|x86.Build.0 = Release|Any CPU
		{3551940F-5CAC-4EB7-8514-629705C73335}.Debug|Any CPU.ActiveCfg = Debug|Any CPU
		{3551940F-5CAC-4EB7-8514-629705C73335}.Debug|Any CPU.Build.0 = Debug|Any CPU
		{3551940F-5CAC-4EB7-8514-629705C73335}.Debug|x64.ActiveCfg = Debug|Any CPU
		{3551940F-5CAC-4EB7-8514-629705C73335}.Debug|x64.Build.0 = Debug|Any CPU
		{3551940F-5CAC-4EB7-8514-629705C73335}.Debug|x86.ActiveCfg = Debug|Any CPU
		{3551940F-5CAC-4EB7-8514-629705C73335}.Debug|x86.Build.0 = Debug|Any CPU
		{3551940F-5CAC-4EB7-8514-629705C73335}.Release|Any CPU.ActiveCfg = Release|Any CPU
		{3551940F-5CAC-4EB7-8514-629705C73335}.Release|Any CPU.Build.0 = Release|Any CPU
		{3551940F-5CAC-4EB7-8514-629705C73335}.Release|x64.ActiveCfg = Release|Any CPU
		{3551940F-5CAC-4EB7-8514-629705C73335}.Release|x64.Build.0 = Release|Any CPU
		{3551940F-5CAC-4EB7-8514-629705C73335}.Release|x86.ActiveCfg = Release|Any CPU
		{3551940F-5CAC-4EB7-8514-629705C73335}.Release|x86.Build.0 = Release|Any CPU
		{48EDA91F-0A42-4237-951E-39604E5D7E86}.Debug|Any CPU.ActiveCfg = Debug|Any CPU
		{48EDA91F-0A42-4237-951E-39604E5D7E86}.Debug|Any CPU.Build.0 = Debug|Any CPU
		{48EDA91F-0A42-4237-951E-39604E5D7E86}.Debug|x64.ActiveCfg = Debug|Any CPU
		{48EDA91F-0A42-4237-951E-39604E5D7E86}.Debug|x64.Build.0 = Debug|Any CPU
		{48EDA91F-0A42-4237-951E-39604E5D7E86}.Debug|x86.ActiveCfg = Debug|Any CPU
		{48EDA91F-0A42-4237-951E-39604E5D7E86}.Debug|x86.Build.0 = Debug|Any CPU
		{48EDA91F-0A42-4237-951E-39604E5D7E86}.Release|Any CPU.ActiveCfg = Release|Any CPU
		{48EDA91F-0A42-4237-951E-39604E5D7E86}.Release|Any CPU.Build.0 = Release|Any CPU
		{48EDA91F-0A42-4237-951E-39604E5D7E86}.Release|x64.ActiveCfg = Release|Any CPU
		{48EDA91F-0A42-4237-951E-39604E5D7E86}.Release|x64.Build.0 = Release|Any CPU
		{48EDA91F-0A42-4237-951E-39604E5D7E86}.Release|x86.ActiveCfg = Release|Any CPU
		{48EDA91F-0A42-4237-951E-39604E5D7E86}.Release|x86.Build.0 = Release|Any CPU
		{DC05EED8-F478-46D0-8A1E-52086A8A3222}.Debug|Any CPU.ActiveCfg = Debug|Any CPU
		{DC05EED8-F478-46D0-8A1E-52086A8A3222}.Debug|Any CPU.Build.0 = Debug|Any CPU
		{DC05EED8-F478-46D0-8A1E-52086A8A3222}.Debug|x64.ActiveCfg = Debug|Any CPU
		{DC05EED8-F478-46D0-8A1E-52086A8A3222}.Debug|x64.Build.0 = Debug|Any CPU
		{DC05EED8-F478-46D0-8A1E-52086A8A3222}.Debug|x86.ActiveCfg = Debug|Any CPU
		{DC05EED8-F478-46D0-8A1E-52086A8A3222}.Debug|x86.Build.0 = Debug|Any CPU
		{DC05EED8-F478-46D0-8A1E-52086A8A3222}.Release|Any CPU.ActiveCfg = Release|Any CPU
		{DC05EED8-F478-46D0-8A1E-52086A8A3222}.Release|Any CPU.Build.0 = Release|Any CPU
		{DC05EED8-F478-46D0-8A1E-52086A8A3222}.Release|x64.ActiveCfg = Release|Any CPU
		{DC05EED8-F478-46D0-8A1E-52086A8A3222}.Release|x64.Build.0 = Release|Any CPU
		{DC05EED8-F478-46D0-8A1E-52086A8A3222}.Release|x86.ActiveCfg = Release|Any CPU
		{DC05EED8-F478-46D0-8A1E-52086A8A3222}.Release|x86.Build.0 = Release|Any CPU
	EndGlobalSection
	GlobalSection(SolutionProperties) = preSolution
		HideSolutionNode = FALSE
	EndGlobalSection
	GlobalSection(ExtensibilityGlobals) = postSolution
		SolutionGuid = {0EBC1CCA-0BFD-4D41-AE7E-1157EA73535D}
	EndGlobalSection
EndGlobal
